
Microsoft Visual Studio Solution File, Format Version 12.00
# Visual Studio 2012
Project("{FAE04EC0-301F-11D3-BF4B-00C04F79EFBC}") = "Gojo", "Gojo\Gojo.csproj", "{F4BBC16D-E069-4622-ACD4-479685253DBE}"
EndProject
Global
	GlobalSection(SolutionConfigurationPlatforms) = preSolution
		Debug|Any CPU = Debug|Any CPU
		Release|Any CPU = Release|Any CPU
	EndGlobalSection
	GlobalSection(ProjectConfigurationPlatforms) = postSolution
		{F4BBC16D-E069-4622-ACD4-479685253DBE}.Debug|Any CPU.ActiveCfg = Debug|Any CPU
		{F4BBC16D-E069-4622-ACD4-479685253DBE}.Debug|Any CPU.Build.0 = Debug|Any CPU
		{F4BBC16D-E069-4622-ACD4-479685253DBE}.Release|Any CPU.ActiveCfg = Release|Any CPU
		{F4BBC16D-E069-4622-ACD4-479685253DBE}.Release|Any CPU.Build.0 = Release|Any CPU
	EndGlobalSection
EndGlobal
